{
  "name": "docs-agents-appsmith",
  "lockfileVersion": 3,
  "requires": true,
  "packages": {
    "": {
      "dependencies": {
        "@docsearch/js": "^3.9.0",
        "@docsearch/react": "^3.9.0",
        "algoliasearch": "^5.23.3"
      }
    },
    "node_modules/@algolia/autocomplete-core": {
      "version": "1.17.9",
      "resolved": "https://registry.npmjs.org/@algolia/autocomplete-core/-/autocomplete-core-1.17.9.tgz",
      "integrity": "sha512-O7BxrpLDPJWWHv/DLA9DRFWs+iY1uOJZkqUwjS5HSZAGcl0hIVCQ97LTLewiZmZ402JYUrun+8NqFP+hCknlbQ==",
      "license": "MIT",
      "dependencies": {
        "@algolia/autocomplete-plugin-algolia-insights": "1.17.9",
        "@algolia/autocomplete-shared": "1.17.9"
      }
    },
    "node_modules/@algolia/autocomplete-plugin-algolia-insights": {
      "version": "1.17.9",
      "resolved": "https://registry.npmjs.org/@algolia/autocomplete-plugin-algolia-insights/-/autocomplete-plugin-algolia-insights-1.17.9.tgz",
      "integrity": "sha512-u1fEHkCbWF92DBeB/KHeMacsjsoI0wFhjZtlCq2ddZbAehshbZST6Hs0Avkc0s+4UyBGbMDnSuXHLuvRWK5iDQ==",
      "license": "MIT",
      "dependencies": {
        "@algolia/autocomplete-shared": "1.17.9"
      },
      "peerDependencies": {
        "search-insights": ">= 1 < 3"
      }
    },
    "node_modules/@algolia/autocomplete-preset-algolia": {
      "version": "1.17.9",
      "resolved": "https://registry.npmjs.org/@algolia/autocomplete-preset-algolia/-/autocomplete-preset-algolia-1.17.9.tgz",
      "integrity": "sha512-Na1OuceSJeg8j7ZWn5ssMu/Ax3amtOwk76u4h5J4eK2Nx2KB5qt0Z4cOapCsxot9VcEN11ADV5aUSlQF4RhGjQ==",
      "license": "MIT",
      "dependencies": {
        "@algolia/autocomplete-shared": "1.17.9"
      },
      "peerDependencies": {
        "@algolia/client-search": ">= 4.9.1 < 6",
        "algoliasearch": ">= 4.9.1 < 6"
      }
    },
    "node_modules/@algolia/autocomplete-shared": {
      "version": "1.17.9",
      "resolved": "https://registry.npmjs.org/@algolia/autocomplete-shared/-/autocomplete-shared-1.17.9.tgz",
      "integrity": "sha512-iDf05JDQ7I0b7JEA/9IektxN/80a2MZ1ToohfmNS3rfeuQnIKI3IJlIafD0xu4StbtQTghx9T3Maa97ytkXenQ==",
      "license": "MIT",
      "peerDependencies": {
        "@algolia/client-search": ">= 4.9.1 < 6",
        "algoliasearch": ">= 4.9.1 < 6"
      }
    },
    "node_modules/@algolia/client-abtesting": {
      "version": "5.23.3",
      "resolved": "https://registry.npmjs.org/@algolia/client-abtesting/-/client-abtesting-5.23.3.tgz",
      "integrity": "sha512-yHI0hBwYcNPc+nJoHPTmmlP8pG6nstCEhpHaZQCDwLZhdMtNhd1hliZMCtLgNnvd1yKEgTt/ZDnTSdZLehfKdA==",
      "license": "MIT",
      "dependencies": {
        "@algolia/client-common": "5.23.3",
        "@algolia/requester-browser-xhr": "5.23.3",
        "@algolia/requester-fetch": "5.23.3",
        "@algolia/requester-node-http": "5.23.3"
      },
      "engines": {
        "node": ">= 14.0.0"
      }
    },
    "node_modules/@algolia/client-analytics": {
      "version": "5.23.3",
      "resolved": "https://registry.npmjs.org/@algolia/client-analytics/-/client-analytics-5.23.3.tgz",
      "integrity": "sha512-/70Ey+nZm4bRr2DcNrGU251YIn9lDu0g8xeP4jTCyunGRNFZ/d8hQAw9El34pcTpO1QDojJWAi6ywKIrUaks9w==",
      "license": "MIT",
      "dependencies": {
        "@algolia/client-common": "5.23.3",
        "@algolia/requester-browser-xhr": "5.23.3",
        "@algolia/requester-fetch": "5.23.3",
        "@algolia/requester-node-http": "5.23.3"
      },
      "engines": {
        "node": ">= 14.0.0"
      }
    },
    "node_modules/@algolia/client-common": {
      "version": "5.23.3",
      "resolved": "https://registry.npmjs.org/@algolia/client-common/-/client-common-5.23.3.tgz",
      "integrity": "sha512-fkpbPclIvaiyw3ADKRBCxMZhrNx/8//6DClfWGxeEiTJ0HEEYtHlqE6GjAkEJubz4v1ioCQkhZwMoFfFct2/vQ==",
      "license": "MIT",
      "engines": {
        "node": ">= 14.0.0"
      }
    },
    "node_modules/@algolia/client-insights": {
      "version": "5.23.3",
      "resolved": "https://registry.npmjs.org/@algolia/client-insights/-/client-insights-5.23.3.tgz",
      "integrity": "sha512-TXc5Ve6QOCihWCTWY9N56CZxF1iovzpBWBUhQhy6JSiUfX3MXceV3saV+sXHQ1NVt2NKkyUfEspYHBsTrYzIDg==",
      "license": "MIT",
      "dependencies": {
        "@algolia/client-common": "5.23.3",
        "@algolia/requester-browser-xhr": "5.23.3",
        "@algolia/requester-fetch": "5.23.3",
        "@algolia/requester-node-http": "5.23.3"
      },
      "engines": {
        "node": ">= 14.0.0"
      }
    },
    "node_modules/@algolia/client-personalization": {
      "version": "5.23.3",
      "resolved": "https://registry.npmjs.org/@algolia/client-personalization/-/client-personalization-5.23.3.tgz",
      "integrity": "sha512-JlReruxxiw9LB53jF/BmvVV+c0thiWQUHRdgtbVIEusvRaiX1IdpWJSPQExEtBQ7VFg89nP8niCzWtA34ktKSA==",
      "license": "MIT",
      "dependencies": {
        "@algolia/client-common": "5.23.3",
        "@algolia/requester-browser-xhr": "5.23.3",
        "@algolia/requester-fetch": "5.23.3",
        "@algolia/requester-node-http": "5.23.3"
      },
      "engines": {
        "node": ">= 14.0.0"
      }
    },
    "node_modules/@algolia/client-query-suggestions": {
      "version": "5.23.3",
      "resolved": "https://registry.npmjs.org/@algolia/client-query-suggestions/-/client-query-suggestions-5.23.3.tgz",
      "integrity": "sha512-GDEExFMXwx0ScE0AZUA4F6ssztdJvGcXUkdWmWyt2hbYz43ukqmlVJqPaYgGmWdjJjvTx+dNF/hcinwWuXbCug==",
      "license": "MIT",
      "dependencies": {
        "@algolia/client-common": "5.23.3",
        "@algolia/requester-browser-xhr": "5.23.3",
        "@algolia/requester-fetch": "5.23.3",
        "@algolia/requester-node-http": "5.23.3"
      },
      "engines": {
        "node": ">= 14.0.0"
      }
    },
    "node_modules/@algolia/client-search": {
      "version": "5.23.3",
      "resolved": "https://registry.npmjs.org/@algolia/client-search/-/client-search-5.23.3.tgz",
      "integrity": "sha512-mwofV6tGo0oHt4BPi+S5eLC3wnhOa4A1OVgPxetTxZuetod+2W4cxKavUW2v/Ma5CABXPLooXX+g9E67umELZw==",
      "license": "MIT",
      "dependencies": {
        "@algolia/client-common": "5.23.3",
        "@algolia/requester-browser-xhr": "5.23.3",
        "@algolia/requester-fetch": "5.23.3",
        "@algolia/requester-node-http": "5.23.3"
      },
      "engines": {
        "node": ">= 14.0.0"
      }
    },
    "node_modules/@algolia/ingestion": {
      "version": "1.23.3",
      "resolved": "https://registry.npmjs.org/@algolia/ingestion/-/ingestion-1.23.3.tgz",
      "integrity": "sha512-Zxgmi7Hk4lI52YFphzzJekUqWxYxVjY2GrCpOxV+QiojvUi8Ru+knq6REcwLHFSwpwaDh2Th5pOefMpn4EkQCw==",
      "license": "MIT",
      "dependencies": {
        "@algolia/client-common": "5.23.3",
        "@algolia/requester-browser-xhr": "5.23.3",
        "@algolia/requester-fetch": "5.23.3",
        "@algolia/requester-node-http": "5.23.3"
      },
      "engines": {
        "node": ">= 14.0.0"
      }
    },
    "node_modules/@algolia/monitoring": {
      "version": "1.23.3",
      "resolved": "https://registry.npmjs.org/@algolia/monitoring/-/monitoring-1.23.3.tgz",
      "integrity": "sha512-zi/IqvsmFW4E5gMaovAE4KRbXQ+LDYpPGG1nHtfuD5u3SSuQ31fT1vX2zqb6PbPTlgJMEmMk91Mbb7fIKmbQUw==",
      "license": "MIT",
      "dependencies": {
        "@algolia/client-common": "5.23.3",
        "@algolia/requester-browser-xhr": "5.23.3",
        "@algolia/requester-fetch": "5.23.3",
        "@algolia/requester-node-http": "5.23.3"
      },
      "engines": {
        "node": ">= 14.0.0"
      }
    },
    "node_modules/@algolia/recommend": {
      "version": "5.23.3",
      "resolved": "https://registry.npmjs.org/@algolia/recommend/-/recommend-5.23.3.tgz",
      "integrity": "sha512-C9TwbT1zGwULLXGSUSB+G7o/30djacPmQcsTHepvT47PVfPr2ISK/5QVtUnjMU84LEP8uNjuPUeM4ZeWVJ2iuQ==",
      "license": "MIT",
      "dependencies": {
        "@algolia/client-common": "5.23.3",
        "@algolia/requester-browser-xhr": "5.23.3",
        "@algolia/requester-fetch": "5.23.3",
        "@algolia/requester-node-http": "5.23.3"
      },
      "engines": {
        "node": ">= 14.0.0"
      }
    },
    "node_modules/@algolia/requester-browser-xhr": {
      "version": "5.23.3",
      "resolved": "https://registry.npmjs.org/@algolia/requester-browser-xhr/-/requester-browser-xhr-5.23.3.tgz",
      "integrity": "sha512-/7oYeUhYzY0lls7WtkAURM6wy21/Wwmq9GdujW1MpoYVC0ATXXxwCiAfOpYL9xdWxLV0R3wjyD+yZEni+nboKg==",
      "license": "MIT",
      "dependencies": {
        "@algolia/client-common": "5.23.3"
      },
      "engines": {
        "node": ">= 14.0.0"
      }
    },
    "node_modules/@algolia/requester-fetch": {
      "version": "5.23.3",
      "resolved": "https://registry.npmjs.org/@algolia/requester-fetch/-/requester-fetch-5.23.3.tgz",
      "integrity": "sha512-r/4fKz4t+bSU1KdjRq+swdNvuGfJ0spV8aFTHPtcsF+1ZaN/VqmdXrTe5NkaZLSztFeMqKwZlJIVvE7VuGlFtw==",
      "license": "MIT",
      "dependencies": {
        "@algolia/client-common": "5.23.3"
      },
      "engines": {
        "node": ">= 14.0.0"
      }
    },
    "node_modules/@algolia/requester-node-http": {
      "version": "5.23.3",
      "resolved": "https://registry.npmjs.org/@algolia/requester-node-http/-/requester-node-http-5.23.3.tgz",
      "integrity": "sha512-UZiTNmUBQFPl3tUKuXaDd8BxEC0t0ny86wwW6XgwfM9IQf4PrzuMpvuOGIJMcCGlrNolZDEI0mcbz/tqRdKW7A==",
      "license": "MIT",
      "dependencies": {
        "@algolia/client-common": "5.23.3"
      },
      "engines": {
        "node": ">= 14.0.0"
      }
    },
    "node_modules/@docsearch/css": {
      "version": "3.9.0",
      "resolved": "https://registry.npmjs.org/@docsearch/css/-/css-3.9.0.tgz",
      "integrity": "sha512-cQbnVbq0rrBwNAKegIac/t6a8nWoUAn8frnkLFW6YARaRmAQr5/Eoe6Ln2fqkUCZ40KpdrKbpSAmgrkviOxuWA==",
      "license": "MIT"
    },
    "node_modules/@docsearch/js": {
      "version": "3.9.0",
      "resolved": "https://registry.npmjs.org/@docsearch/js/-/js-3.9.0.tgz",
      "integrity": "sha512-4bKHcye6EkLgRE8ze0vcdshmEqxeiJM77M0JXjef7lrYZfSlMunrDOCqyLjiZyo1+c0BhUqA2QpFartIjuHIjw==",
      "license": "MIT",
      "dependencies": {
        "@docsearch/react": "3.9.0",
        "preact": "^10.0.0"
      }
    },
    "node_modules/@docsearch/react": {
      "version": "3.9.0",
      "resolved": "https://registry.npmjs.org/@docsearch/react/-/react-3.9.0.tgz",
      "integrity": "sha512-mb5FOZYZIkRQ6s/NWnM98k879vu5pscWqTLubLFBO87igYYT4VzVazh4h5o/zCvTIZgEt3PvsCOMOswOUo9yHQ==",
      "license": "MIT",
      "dependencies": {
        "@algolia/autocomplete-core": "1.17.9",
        "@algolia/autocomplete-preset-algolia": "1.17.9",
        "@docsearch/css": "3.9.0",
        "algoliasearch": "^5.14.2"
      },
      "peerDependencies": {
        "@types/react": ">= 16.8.0 < 20.0.0",
        "react": ">= 16.8.0 < 20.0.0",
        "react-dom": ">= 16.8.0 < 20.0.0",
        "search-insights": ">= 1 < 3"
      },
      "peerDependenciesMeta": {
        "@types/react": {
          "optional": true
        },
        "react": {
          "optional": true
        },
        "react-dom": {
          "optional": true
        },
        "search-insights": {
          "optional": true
        }
      }
    },
    "node_modules/algoliasearch": {
      "version": "5.23.3",
      "resolved": "https://registry.npmjs.org/algoliasearch/-/algoliasearch-5.23.3.tgz",
      "integrity": "sha512-0JlUaY/hl3LrKvbidI5FysEi2ggAlcTHM8AHV2UsrJUXnNo8/lWBfhzc1b7o8bK3YZNiU26JtLyT9exoj5VBgA==",
      "license": "MIT",
      "dependencies": {
        "@algolia/client-abtesting": "5.23.3",
        "@algolia/client-analytics": "5.23.3",
        "@algolia/client-common": "5.23.3",
        "@algolia/client-insights": "5.23.3",
        "@algolia/client-personalization": "5.23.3",
        "@algolia/client-query-suggestions": "5.23.3",
        "@algolia/client-search": "5.23.3",
        "@algolia/ingestion": "1.23.3",
        "@algolia/monitoring": "1.23.3",
        "@algolia/recommend": "5.23.3",
        "@algolia/requester-browser-xhr": "5.23.3",
        "@algolia/requester-fetch": "5.23.3",
        "@algolia/requester-node-http": "5.23.3"
      },
      "engines": {
        "node": ">= 14.0.0"
      }
    },
    "node_modules/preact": {
      "version": "10.26.5",
      "resolved": "https://registry.npmjs.org/preact/-/preact-10.26.5.tgz",
      "integrity": "sha512-fmpDkgfGU6JYux9teDWLhj9mKN55tyepwYbxHgQuIxbWQzgFg5vk7Mrrtfx7xRxq798ynkY4DDDxZr235Kk+4w==",
      "license": "MIT",
      "funding": {
        "type": "opencollective",
        "url": "https://opencollective.com/preact"
      }
    },
    "node_modules/search-insights": {
      "version": "2.17.3",
      "resolved": "https://registry.npmjs.org/search-insights/-/search-insights-2.17.3.tgz",
      "integrity": "sha512-RQPdCYTa8A68uM2jwxoY842xDhvx3E5LFL1LxvxCNMev4o5mLuokczhzjAgGwUZBAmOKZknArSxLKmXtIi2AxQ==",
      "license": "MIT",
      "peer": true
    }
  }
}
